
Microsoft Visual Studio Solution File, Format Version 12.00
# Visual Studio Version 16
VisualStudioVersion = 16.0.31424.327
MinimumVisualStudioVersion = 10.0.40219.1
Project("{9A19103F-16F7-4668-BE54-9A1E7A4F7556}") = "Home_Loan", "Home_Loan.csproj", "{334E2F55-4CDD-4A2C-A6D9-DEAFB6D2D74D}"
EndProject
Global
	GlobalSection(SolutionConfigurationPlatforms) = preSolution
		Debug|Any CPU = Debug|Any CPU
		Release|Any CPU = Release|Any CPU
	EndGlobalSection
	GlobalSection(ProjectConfigurationPlatforms) = postSolution
		{334E2F55-4CDD-4A2C-A6D9-DEAFB6D2D74D}.Debug|Any CPU.ActiveCfg = Debug|Any CPU
		{334E2F55-4CDD-4A2C-A6D9-DEAFB6D2D74D}.Debug|Any CPU.Build.0 = Debug|Any CPU
		{334E2F55-4CDD-4A2C-A6D9-DEAFB6D2D74D}.Release|Any CPU.ActiveCfg = Release|Any CPU
		{334E2F55-4CDD-4A2C-A6D9-DEAFB6D2D74D}.Release|Any CPU.Build.0 = Release|Any CPU
	EndGlobalSection
	GlobalSection(SolutionProperties) = preSolution
		HideSolutionNode = FALSE
	EndGlobalSection
	GlobalSection(ExtensibilityGlobals) = postSolution
		SolutionGuid = {AC40CA9D-2EF8-4D5F-9141-00DB84B689B3}
	EndGlobalSection
EndGlobal
